
Microsoft Visual Studio Solution File, Format Version 12.00
# Visual Studio Version 16
VisualStudioVersion = 16.0.31515.178
MinimumVisualStudioVersion = 10.0.40219.1
Project("{FAE04EC0-301F-11D3-BF4B-00C04F79EFBC}") = "RestSharp_AddressBookSystem", "RestSharp_AddressBookSystem\RestSharp_AddressBookSystem.csproj", "{F9E86208-D17F-459D-9C0C-9E4E59860626}"
EndProject
Project("{FAE04EC0-301F-11D3-BF4B-00C04F79EFBC}") = "RestSharp_Address_BookSystem", "RestSharp_Address_BookSystem\RestSharp_Address_BookSystem.csproj", "{64A9CF4A-8B1F-4F11-BC0C-A4E19D422C7C}"
EndProject
Global
	GlobalSection(SolutionConfigurationPlatforms) = preSolution
		Debug|Any CPU = Debug|Any CPU
		Release|Any CPU = Release|Any CPU
	EndGlobalSection
	GlobalSection(ProjectConfigurationPlatforms) = postSolution
		{F9E86208-D17F-459D-9C0C-9E4E59860626}.Debug|Any CPU.ActiveCfg = Debug|Any CPU
		{F9E86208-D17F-459D-9C0C-9E4E59860626}.Debug|Any CPU.Build.0 = Debug|Any CPU
		{F9E86208-D17F-459D-9C0C-9E4E59860626}.Release|Any CPU.ActiveCfg = Release|Any CPU
		{F9E86208-D17F-459D-9C0C-9E4E59860626}.Release|Any CPU.Build.0 = Release|Any CPU
		{64A9CF4A-8B1F-4F11-BC0C-A4E19D422C7C}.Debug|Any CPU.ActiveCfg = Debug|Any CPU
		{64A9CF4A-8B1F-4F11-BC0C-A4E19D422C7C}.Debug|Any CPU.Build.0 = Debug|Any CPU
		{64A9CF4A-8B1F-4F11-BC0C-A4E19D422C7C}.Release|Any CPU.ActiveCfg = Release|Any CPU
		{64A9CF4A-8B1F-4F11-BC0C-A4E19D422C7C}.Release|Any CPU.Build.0 = Release|Any CPU
	EndGlobalSection
	GlobalSection(SolutionProperties) = preSolution
		HideSolutionNode = FALSE
	EndGlobalSection
	GlobalSection(ExtensibilityGlobals) = postSolution
		SolutionGuid = {FAACCC43-B6C6-4C17-AEDE-40D3F97B943A}
	EndGlobalSection
EndGlobal
